// !$*UTF8*$!
{
	archiveVersion = 1;
	classes = {
	};
	objectVersion = 56;
	objects = {

/* Begin PBXBuildFile section */
		FE348E7529EC8DB4006DE0F7 /* VRailsTestApp.swift in Sources */ = {isa = PBXBuildFile; fileRef = FE348E7429EC8DB4006DE0F7 /* VRailsTestApp.swift */; };
		FE348E7729EC8DB4006DE0F7 /* ContentView.swift in Sources */ = {isa = PBXBuildFile; fileRef = FE348E7629EC8DB4006DE0F7 /* ContentView.swift */; };
		FE348E7929EC8DB5006DE0F7 /* Assets.xcassets in Resources */ = {isa = PBXBuildFile; fileRef = FE348E7829EC8DB5006DE0F7 /* Assets.xcassets */; };
		FE348E7C29EC8DB5006DE0F7 /* Preview Assets.xcassets in Resources */ = {isa = PBXBuildFile; fileRef = FE348E7B29EC8DB5006DE0F7 /* Preview Assets.xcassets */; };
		FE348E8629EC8DB5006DE0F7 /* VRailsTestTests.swift in Sources */ = {isa = PBXBuildFile; fileRef = FE348E8529EC8DB5006DE0F7 /* VRailsTestTests.swift */; };
		FE348E9029EC8DB5006DE0F7 /* VRailsTestUITests.swift in Sources */ = {isa = PBXBuildFile; fileRef = FE348E8F29EC8DB5006DE0F7 /* VRailsTestUITests.swift */; };
		FE348E9229EC8DB5006DE0F7 /* VRailsTestUITestsLaunchTests.swift in Sources */ = {isa = PBXBuildFile; fileRef = FE348E9129EC8DB5006DE0F7 /* VRailsTestUITestsLaunchTests.swift */; };
/* End PBXBuildFile section */

/* Begin PBXContainerItemProxy section */
		FE348E8229EC8DB5006DE0F7 /* PBXContainerItemProxy */ = {
			isa = PBXContainerItemProxy;
			containerPortal = FE348E6929EC8DB4006DE0F7 /* Project object */;
			proxyType = 1;
			remoteGlobalIDString = FE348E7029EC8DB4006DE0F7;
			remoteInfo = VRailsTest;
		};
		FE348E8C29EC8DB5006DE0F7 /* PBXContainerItemProxy */ = {
			isa = PBXContainerItemProxy;
			containerPortal = FE348E6929EC8DB4006DE0F7 /* Project object */;
			proxyType = 1;
			remoteGlobalIDString = FE348E7029EC8DB4006DE0F7;
			remoteInfo = VRailsTest;
		};
/* End PBXContainerItemProxy section */

/* Begin PBXFileReference section */
		FE348E7129EC8DB4006DE0F7 /* VRailsTest.app */ = {isa = PBXFileReference; explicitFileType = wrapper.application; includeInIndex = 0; path = VRailsTest.app; sourceTree = BUILT_PRODUCTS_DIR; };
		FE348E7429EC8DB4006DE0F7 /* VRailsTestApp.swift */ = {isa = PBXFileReference; lastKnownFileType = sourcecode.swift; path = VRailsTestApp.swift; sourceTree = "<group>"; };
		FE348E7629EC8DB4006DE0F7 /* ContentView.swift */ = {isa = PBXFileReference; lastKnownFileType = sourcecode.swift; path = ContentView.swift; sourceTree = "<group>"; };
		FE348E7829EC8DB5006DE0F7 /* Assets.xcassets */ = {isa = PBXFileReference; lastKnownFileType = folder.assetcatalog; path = Assets.xcassets; sourceTree = "<group>"; };
		FE348E7B29EC8DB5006DE0F7 /* Preview Assets.xcassets */ = {isa = PBXFileReference; lastKnownFileType = folder.assetcatalog; path = "Preview Assets.xcassets"; sourceTree = "<group>"; };
		FE348E8129EC8DB5006DE0F7 /* VRailsTestTests.xctest */ = {isa = PBXFileReference; explicitFileType = wrapper.cfbundle; includeInIndex = 0; path = VRailsTestTests.xctest; sourceTree = BUILT_PRODUCTS_DIR; };
		FE348E8529EC8DB5006DE0F7 /* VRailsTestTests.swift */ = {isa = PBXFileReference; lastKnownFileType = sourcecode.swift; path = VRailsTestTests.swift; sourceTree = "<group>"; };
		FE348E8B29EC8DB5006DE0F7 /* VRailsTestUITests.xctest */ = {isa = PBXFileReference; explicitFileType = wrapper.cfbundle; includeInIndex = 0; path = VRailsTestUITests.xctest; sourceTree = BUILT_PRODUCTS_DIR; };
		FE348E8F29EC8DB5006DE0F7 /* VRailsTestUITests.swift */ = {isa = PBXFileReference; lastKnownFileType = sourcecode.swift; path = VRailsTestUITests.swift; sourceTree = "<group>"; };
		FE348E9129EC8DB5006DE0F7 /* VRailsTestUITestsLaunchTests.swift */ = {isa = PBXFileReference; lastKnownFileType = sourcecode.swift; path = VRailsTestUITestsLaunchTests.swift; sourceTree = "<group>"; };
/* End PBXFileReference section */

/* Begin PBXFrameworksBuildPhase section */
		FE348E6E29EC8DB4006DE0F7 /* Frameworks */ = {
			isa = PBXFrameworksBuildPhase;
			buildActionMask = 2147483647;
			files = (
			);
			runOnlyForDeploymentPostprocessing = 0;
		};
		FE348E7E29EC8DB5006DE0F7 /* Frameworks */ = {
			isa = PBXFrameworksBuildPhase;
			buildActionMask = 2147483647;
			files = (
			);
			runOnlyForDeploymentPostprocessing = 0;
		};
		FE348E8829EC8DB5006DE0F7 /* Frameworks */ = {
			isa = PBXFrameworksBuildPhase;
			buildActionMask = 2147483647;
			files = (
			);
			runOnlyForDeploymentPostprocessing = 0;
		};
/* End PBXFrameworksBuildPhase section */

/* Begin PBXGroup section */
		FE348E6829EC8DB4006DE0F7 = {
			isa = PBXGroup;
			children = (
				FE348E7329EC8DB4006DE0F7 /* VRailsTest */,
				FE348E8429EC8DB5006DE0F7 /* VRailsTestTests */,
				FE348E8E29EC8DB5006DE0F7 /* VRailsTestUITests */,
				FE348E7229EC8DB4006DE0F7 /* Products */,
			);
			sourceTree = "<group>";
		};
		FE348E7229EC8DB4006DE0F7 /* Products */ = {
			isa = PBXGroup;
			children = (
				FE348E7129EC8DB4006DE0F7 /* VRailsTest.app */,
				FE348E8129EC8DB5006DE0F7 /* VRailsTestTests.xctest */,
				FE348E8B29EC8DB5006DE0F7 /* VRailsTestUITests.xctest */,
			);
			name = Products;
			sourceTree = "<group>";
		};
		FE348E7329EC8DB4006DE0F7 /* VRailsTest */ = {
			isa = PBXGroup;
			children = (
				FE348E7429EC8DB4006DE0F7 /* VRailsTestApp.swift */,
				FE348E7629EC8DB4006DE0F7 /* ContentView.swift */,
				FE348E7829EC8DB5006DE0F7 /* Assets.xcassets */,
				FE348E7A29EC8DB5006DE0F7 /* Preview Content */,
			);
			path = VRailsTest;
			sourceTree = "<group>";
		};
		FE348E7A29EC8DB5006DE0F7 /* Preview Content */ = {
			isa = PBXGroup;
			children = (
				FE348E7B29EC8DB5006DE0F7 /* Preview Assets.xcassets */,
			);
			path = "Preview Content";
			sourceTree = "<group>";
		};
		FE348E8429EC8DB5006DE0F7 /* VRailsTestTests */ = {
			isa = PBXGroup;
			children = (
				FE348E8529EC8DB5006DE0F7 /* VRailsTestTests.swift */,
			);
			path = VRailsTestTests;
			sourceTree = "<group>";
		};
		FE348E8E29EC8DB5006DE0F7 /* VRailsTestUITests */ = {
			isa = PBXGroup;
			children = (
				FE348E8F29EC8DB5006DE0F7 /* VRailsTestUITests.swift */,
				FE348E9129EC8DB5006DE0F7 /* VRailsTestUITestsLaunchTests.swift */,
			);
			path = VRailsTestUITests;
			sourceTree = "<group>";
		};
/* End PBXGroup section */

/* Begin PBXNativeTarget section */
		FE348E7029EC8DB4006DE0F7 /* VRailsTest */ = {
			isa = PBXNativeTarget;
			buildConfigurationList = FE348E9529EC8DB5006DE0F7 /* Build configuration list for PBXNativeTarget "VRailsTest" */;
			buildPhases = (
				FE348E6D29EC8DB4006DE0F7 /* Sources */,
				FE348E6E29EC8DB4006DE0F7 /* Frameworks */,
				FE348E6F29EC8DB4006DE0F7 /* Resources */,
			);
			buildRules = (
			);
			dependencies = (
			);
			name = VRailsTest;
			productName = VRailsTest;
			productReference = FE348E7129EC8DB4006DE0F7 /* VRailsTest.app */;
			productType = "com.apple.product-type.application";
		};
		FE348E8029EC8DB5006DE0F7 /* VRailsTestTests */ = {
			isa = PBXNativeTarget;
			buildConfigurationList = FE348E9829EC8DB5006DE0F7 /* Build configuration list for PBXNativeTarget "VRailsTestTests" */;
			buildPhases = (
				FE348E7D29EC8DB5006DE0F7 /* Sources */,
				FE348E7E29EC8DB5006DE0F7 /* Frameworks */,
				FE348E7F29EC8DB5006DE0F7 /* Resources */,
			);
			buildRules = (
			);
			dependencies = (
				FE348E8329EC8DB5006DE0F7 /* PBXTargetDependency */,
			);
			name = VRailsTestTests;
			productName = VRailsTestTests;
			productReference = FE348E8129EC8DB5006DE0F7 /* VRailsTestTests.xctest */;
			productType = "com.apple.product-type.bundle.unit-test";
		};
		FE348E8A29EC8DB5006DE0F7 /* VRailsTestUITests */ = {
			isa = PBXNativeTarget;
			buildConfigurationList = FE348E9B29EC8DB5006DE0F7 /* Build configuration list for PBXNativeTarget "VRailsTestUITests" */;
			buildPhases = (
				FE348E8729EC8DB5006DE0F7 /* Sources */,
				FE348E8829EC8DB5006DE0F7 /* Frameworks */,
				FE348E8929EC8DB5006DE0F7 /* Resources */,
			);
			buildRules = (
			);
			dependencies = (
				FE348E8D29EC8DB5006DE0F7 /* PBXTargetDependency */,
			);
			name = VRailsTestUITests;
			productName = VRailsTestUITests;
			productReference = FE348E8B29EC8DB5006DE0F7 /* VRailsTestUITests.xctest */;
			productType = "com.apple.product-type.bundle.ui-testing";
		};
/* End PBXNativeTarget section */

/* Begin PBXProject section */
		FE348E6929EC8DB4006DE0F7 /* Project object */ = {
			isa = PBXProject;
			attributes = {
				BuildIndependentTargetsInParallel = 1;
				LastSwiftUpdateCheck = 1420;
				LastUpgradeCheck = 1420;
				TargetAttributes = {
					FE348E7029EC8DB4006DE0F7 = {
						CreatedOnToolsVersion = 14.2;
					};
					FE348E8029EC8DB5006DE0F7 = {
						CreatedOnToolsVersion = 14.2;
						TestTargetID = FE348E7029EC8DB4006DE0F7;
					};
					FE348E8A29EC8DB5006DE0F7 = {
						CreatedOnToolsVersion = 14.2;
						TestTargetID = FE348E7029EC8DB4006DE0F7;
					};
				};
			};
			buildConfigurationList = FE348E6C29EC8DB4006DE0F7 /* Build configuration list for PBXProject "VRailsTest" */;
			compatibilityVersion = "Xcode 14.0";
			developmentRegion = en;
			hasScannedForEncodings = 0;
			knownRegions = (
				en,
				Base,
			);
			mainGroup = FE348E6829EC8DB4006DE0F7;
			productRefGroup = FE348E7229EC8DB4006DE0F7 /* Products */;
			projectDirPath = "";
			projectRoot = "";
			targets = (
				FE348E7029EC8DB4006DE0F7 /* VRailsTest */,
				FE348E8029EC8DB5006DE0F7 /* VRailsTestTests */,
				FE348E8A29EC8DB5006DE0F7 /* VRailsTestUITests */,
			);
		};
/* End PBXProject section */

/* Begin PBXResourcesBuildPhase section */
		FE348E6F29EC8DB4006DE0F7 /* Resources */ = {
			isa = PBXResourcesBuildPhase;
			buildActionMask = 2147483647;
			files = (
				FE348E7C29EC8DB5006DE0F7 /* Preview Assets.xcassets in Resources */,
				FE348E7929EC8DB5006DE0F7 /* Assets.xcassets in Resources */,
			);
			runOnlyForDeploymentPostprocessing = 0;
		};
		FE348E7F29EC8DB5006DE0F7 /* Resources */ = {
			isa = PBXResourcesBuildPhase;
			buildActionMask = 2147483647;
			files = (
			);
			runOnlyForDeploymentPostprocessing = 0;
		};
		FE348E8929EC8DB5006DE0F7 /* Resources */ = {
			isa = PBXResourcesBuildPhase;
			buildActionMask = 2147483647;
			files = (
			);
			runOnlyForDeploymentPostprocessing = 0;
		};
/* End PBXResourcesBuildPhase section */

/* Begin PBXSourcesBuildPhase section */
		FE348E6D29EC8DB4006DE0F7 /* Sources */ = {
			isa = PBXSourcesBuildPhase;
			buildActionMask = 2147483647;
			files = (
				FE348E7729EC8DB4006DE0F7 /* ContentView.swift in Sources */,
				FE348E7529EC8DB4006DE0F7 /* VRailsTestApp.swift in Sources */,
			);
			runOnlyForDeploymentPostprocessing = 0;
		};
		FE348E7D29EC8DB5006DE0F7 /* Sources */ = {
			isa = PBXSourcesBuildPhase;
			buildActionMask = 2147483647;
			files = (
				FE348E8629EC8DB5006DE0F7 /* VRailsTestTests.swift in Sources */,
			);
			runOnlyForDeploymentPostprocessing = 0;
		};
		FE348E8729EC8DB5006DE0F7 /* Sources */ = {
			isa = PBXSourcesBuildPhase;
			buildActionMask = 2147483647;
			files = (
				FE348E9029EC8DB5006DE0F7 /* VRailsTestUITests.swift in Sources */,
				FE348E9229EC8DB5006DE0F7 /* VRailsTestUITestsLaunchTests.swift in Sources */,
			);
			runOnlyForDeploymentPostprocessing = 0;
		};
/* End PBXSourcesBuildPhase section */

/* Begin PBXTargetDependency section */
		FE348E8329EC8DB5006DE0F7 /* PBXTargetDependency */ = {
			isa = PBXTargetDependency;
			target = FE348E7029EC8DB4006DE0F7 /* VRailsTest */;
			targetProxy = FE348E8229EC8DB5006DE0F7 /* PBXContainerItemProxy */;
		};
		FE348E8D29EC8DB5006DE0F7 /* PBXTargetDependency */ = {
			isa = PBXTargetDependency;
			target = FE348E7029EC8DB4006DE0F7 /* VRailsTest */;
			targetProxy = FE348E8C29EC8DB5006DE0F7 /* PBXContainerItemProxy */;
		};
/* End PBXTargetDependency section */

/* Begin XCBuildConfiguration section */
		FE348E9329EC8DB5006DE0F7 /* Debug */ = {
			isa = XCBuildConfiguration;
			buildSettings = {
				ALWAYS_SEARCH_USER_PATHS = NO;
				CLANG_ANALYZER_NONNULL = YES;
				CLANG_ANALYZER_NUMBER_OBJECT_CONVERSION = YES_AGGRESSIVE;
				CLANG_CXX_LANGUAGE_STANDARD = "gnu++20";
				CLANG_ENABLE_MODULES = YES;
				CLANG_ENABLE_OBJC_ARC = YES;
				CLANG_ENABLE_OBJC_WEAK = YES;
				CLANG_WARN_BLOCK_CAPTURE_AUTORELEASING = YES;
				CLANG_WARN_BOOL_CONVERSION = YES;
				CLANG_WARN_COMMA = YES;
				CLANG_WARN_CONSTANT_CONVERSION = YES;
				CLANG_WARN_DEPRECATED_OBJC_IMPLEMENTATIONS = YES;
				CLANG_WARN_DIRECT_OBJC_ISA_USAGE = YES_ERROR;
				CLANG_WARN_DOCUMENTATION_COMMENTS = YES;
				CLANG_WARN_EMPTY_BODY = YES;
				CLANG_WARN_ENUM_CONVERSION = YES;
				CLANG_WARN_INFINITE_RECURSION = YES;
				CLANG_WARN_INT_CONVERSION = YES;
				CLANG_WARN_NON_LITERAL_NULL_CONVERSION = YES;
				CLANG_WARN_OBJC_IMPLICIT_RETAIN_SELF = YES;
				CLANG_WARN_OBJC_LITERAL_CONVERSION = YES;
				CLANG_WARN_OBJC_ROOT_CLASS = YES_ERROR;
				CLANG_WARN_QUOTED_INCLUDE_IN_FRAMEWORK_HEADER = YES;
				CLANG_WARN_RANGE_LOOP_ANALYSIS = YES;
				CLANG_WARN_STRICT_PROTOTYPES = YES;
				CLANG_WARN_SUSPICIOUS_MOVE = YES;
				CLANG_WARN_UNGUARDED_AVAILABILITY = YES_AGGRESSIVE;
				CLANG_WARN_UNREACHABLE_CODE = YES;
				CLANG_WARN__DUPLICATE_METHOD_MATCH = YES;
				COPY_PHASE_STRIP = NO;
				DEBUG_INFORMATION_FORMAT = dwarf;
				ENABLE_STRICT_OBJC_MSGSEND = YES;
				ENABLE_TESTABILITY = YES;
				GCC_C_LANGUAGE_STANDARD = gnu11;
				GCC_DYNAMIC_NO_PIC = NO;
				GCC_NO_COMMON_BLOCKS = YES;
				GCC_OPTIMIZATION_LEVEL = 0;
				GCC_PREPROCESSOR_DEFINITIONS = (
					"DEBUG=1",
					"$(inherited)",
				);
				GCC_WARN_64_TO_32_BIT_CONVERSION = YES;
				GCC_WARN_ABOUT_RETURN_TYPE = YES_ERROR;
				GCC_WARN_UNDECLARED_SELECTOR = YES;
				GCC_WARN_UNINITIALIZED_AUTOS = YES_AGGRESSIVE;
				GCC_WARN_UNUSED_FUNCTION = YES;
				GCC_WARN_UNUSED_VARIABLE = YES;
				IPHONEOS_DEPLOYMENT_TARGET = 16.2;
				MTL_ENABLE_DEBUG_INFO = INCLUDE_SOURCE;
				MTL_FAST_MATH = YES;
				ONLY_ACTIVE_ARCH = YES;
				SDKROOT = iphoneos;
				SWIFT_ACTIVE_COMPILATION_CONDITIONS = DEBUG;
				SWIFT_OPTIMIZATION_LEVEL = "-Onone";
			};
			name = Debug;
		};
		FE348E9429EC8DB5006DE0F7 /* Release */ = {
			isa = XCBuildConfiguration;
			buildSettings = {
				ALWAYS_SEARCH_USER_PATHS = NO;
				CLANG_ANALYZER_NONNULL = YES;
				CLANG_ANALYZER_NUMBER_OBJECT_CONVERSION = YES_AGGRESSIVE;
				CLANG_CXX_LANGUAGE_STANDARD = "gnu++20";
				CLANG_ENABLE_MODULES = YES;
				CLANG_ENABLE_OBJC_ARC = YES;
				CLANG_ENABLE_OBJC_WEAK = YES;
				CLANG_WARN_BLOCK_CAPTURE_AUTORELEASING = YES;
				CLANG_WARN_BOOL_CONVERSION = YES;
				CLANG_WARN_COMMA = YES;
				CLANG_WARN_CONSTANT_CONVERSION = YES;
				CLANG_WARN_DEPRECATED_OBJC_IMPLEMENTATIONS = YES;
				CLANG_WARN_DIRECT_OBJC_ISA_USAGE = YES_ERROR;
				CLANG_WARN_DOCUMENTATION_COMMENTS = YES;
				CLANG_WARN_EMPTY_BODY = YES;
				CLANG_WARN_ENUM_CONVERSION = YES;
				CLANG_WARN_INFINITE_RECURSION = YES;
				CLANG_WARN_INT_CONVERSION = YES;
				CLANG_WARN_NON_LITERAL_NULL_CONVERSION = YES;
				CLANG_WARN_OBJC_IMPLICIT_RETAIN_SELF = YES;
				CLANG_WARN_OBJC_LITERAL_CONVERSION = YES;
				CLANG_WARN_OBJC_ROOT_CLASS = YES_ERROR;
				CLANG_WARN_QUOTED_INCLUDE_IN_FRAMEWORK_HEADER = YES;
				CLANG_WARN_RANGE_LOOP_ANALYSIS = YES;
				CLANG_WARN_STRICT_PROTOTYPES = YES;
				CLANG_WARN_SUSPICIOUS_MOVE = YES;
				CLANG_WARN_UNGUARDED_AVAILABILITY = YES_AGGRESSIVE;
				CLANG_WARN_UNREACHABLE_CODE = YES;
				CLANG_WARN__DUPLICATE_METHOD_MATCH = YES;
				COPY_PHASE_STRIP = NO;
				DEBUG_INFORMATION_FORMAT = "dwarf-with-dsym";
				ENABLE_NS_ASSERTIONS = NO;
				ENABLE_STRICT_OBJC_MSGSEND = YES;
				GCC_C_LANGUAGE_STANDARD = gnu11;
				GCC_NO_COMMON_BLOCKS = YES;
				GCC_WARN_64_TO_32_BIT_CONVERSION = YES;
				GCC_WARN_ABOUT_RETURN_TYPE = YES_ERROR;
				GCC_WARN_UNDECLARED_SELECTOR = YES;
				GCC_WARN_UNINITIALIZED_AUTOS = YES_AGGRESSIVE;
				GCC_WARN_UNUSED_FUNCTION = YES;
				GCC_WARN_UNUSED_VARIABLE = YES;
				IPHONEOS_DEPLOYMENT_TARGET = 16.2;
				MTL_ENABLE_DEBUG_INFO = NO;
				MTL_FAST_MATH = YES;
				SDKROOT = iphoneos;
				SWIFT_COMPILATION_MODE = wholemodule;
				SWIFT_OPTIMIZATION_LEVEL = "-O";
				VALIDATE_PRODUCT = YES;
			};
			name = Release;
		};
		FE348E9629EC8DB5006DE0F7 /* Debug */ = {
			isa = XCBuildConfiguration;
			buildSettings = {
				ASSETCATALOG_COMPILER_APPICON_NAME = AppIcon;
				ASSETCATALOG_COMPILER_GLOBAL_ACCENT_COLOR_NAME = AccentColor;
				CODE_SIGN_STYLE = Automatic;
				CURRENT_PROJECT_VERSION = 1;
				DEVELOPMENT_ASSET_PATHS = "\"VRailsTest/Preview Content\"";
				DEVELOPMENT_TEAM = 4LBT7283WA;
				ENABLE_PREVIEWS = YES;
				GENERATE_INFOPLIST_FILE = YES;
				INFOPLIST_KEY_UIApplicationSceneManifest_Generation = YES;
				INFOPLIST_KEY_UIApplicationSupportsIndirectInputEvents = YES;
				INFOPLIST_KEY_UILaunchScreen_Generation = YES;
				INFOPLIST_KEY_UISupportedInterfaceOrientations_iPad = "UIInterfaceOrientationPortrait UIInterfaceOrientationPortraitUpsideDown UIInterfaceOrientationLandscapeLeft UIInterfaceOrientationLandscapeRight";
				INFOPLIST_KEY_UISupportedInterfaceOrientations_iPhone = "UIInterfaceOrientationPortrait UIInterfaceOrientationLandscapeLeft UIInterfaceOrientationLandscapeRight";
				LD_RUNPATH_SEARCH_PATHS = (
					"$(inherited)",
					"@executable_path/Frameworks",
				);
				MARKETING_VERSION = 1.0;
				PRODUCT_BUNDLE_IDENTIFIER = Sam.VRailsTest;
				PRODUCT_NAME = "$(TARGET_NAME)";
				SWIFT_EMIT_LOC_STRINGS = YES;
				SWIFT_VERSION = 5.0;
				TARGETED_DEVICE_FAMILY = "1,2";
			};
			name = Debug;
		};
		FE348E9729EC8DB5006DE0F7 /* Release */ = {
			isa = XCBuildConfiguration;
			buildSettings = {
				ASSETCATALOG_COMPILER_APPICON_NAME = AppIcon;
				ASSETCATALOG_COMPILER_GLOBAL_ACCENT_COLOR_NAME = AccentColor;
				CODE_SIGN_STYLE = Automatic;
				CURRENT_PROJECT_VERSION = 1;
				DEVELOPMENT_ASSET_PATHS = "\"VRailsTest/Preview Content\"";
				DEVELOPMENT_TEAM = 4LBT7283WA;
				ENABLE_PREVIEWS = YES;
				GENERATE_INFOPLIST_FILE = YES;
				INFOPLIST_KEY_UIApplicationSceneManifest_Generation = YES;
				INFOPLIST_KEY_UIApplicationSupportsIndirectInputEvents = YES;
				INFOPLIST_KEY_UILaunchScreen_Generation = YES;
				INFOPLIST_KEY_UISupportedInterfaceOrientations_iPad = "UIInterfaceOrientationPortrait UIInterfaceOrientationPortraitUpsideDown UIInterfaceOrientationLandscapeLeft UIInterfaceOrientationLandscapeRight";
				INFOPLIST_KEY_UISupportedInterfaceOrientations_iPhone = "UIInterfaceOrientationPortrait UIInterfaceOrientationLandscapeLeft UIInterfaceOrientationLandscapeRight";
				LD_RUNPATH_SEARCH_PATHS = (
					"$(inherited)",
					"@executable_path/Frameworks",
				);
				MARKETING_VERSION = 1.0;
				PRODUCT_BUNDLE_IDENTIFIER = Sam.VRailsTest;
				PRODUCT_NAME = "$(TARGET_NAME)";
				SWIFT_EMIT_LOC_STRINGS = YES;
				SWIFT_VERSION = 5.0;
				TARGETED_DEVICE_FAMILY = "1,2";
			};
			name = Release;
		};
		FE348E9929EC8DB5006DE0F7 /* Debug */ = {
			isa = XCBuildConfiguration;
			buildSettings = {
				ALWAYS_EMBED_SWIFT_STANDARD_LIBRARIES = YES;
				BUNDLE_LOADER = "$(TEST_HOST)";
				CODE_SIGN_STYLE = Automatic;
				CURRENT_PROJECT_VERSION = 1;
				DEVELOPMENT_TEAM = 4LBT7283WA;
				GENERATE_INFOPLIST_FILE = YES;
				IPHONEOS_DEPLOYMENT_TARGET = 16.2;
				MARKETING_VERSION = 1.0;
				PRODUCT_BUNDLE_IDENTIFIER = Sam.VRailsTestTests;
				PRODUCT_NAME = "$(TARGET_NAME)";
				SWIFT_EMIT_LOC_STRINGS = NO;
				SWIFT_VERSION = 5.0;
				TARGETED_DEVICE_FAMILY = "1,2";
				TEST_HOST = "$(BUILT_PRODUCTS_DIR)/VRailsTest.app/$(BUNDLE_EXECUTABLE_FOLDER_PATH)/VRailsTest";
			};
			name = Debug;
		};
		FE348E9A29EC8DB5006DE0F7 /* Release */ = {
			isa = XCBuildConfiguration;
			buildSettings = {
				ALWAYS_EMBED_SWIFT_STANDARD_LIBRARIES = YES;
				BUNDLE_LOADER = "$(TEST_HOST)";
				CODE_SIGN_STYLE = Automatic;
				CURRENT_PROJECT_VERSION = 1;
				DEVELOPMENT_TEAM = 4LBT7283WA;
				GENERATE_INFOPLIST_FILE = YES;
				IPHONEOS_DEPLOYMENT_TARGET = 16.2;
				MARKETING_VERSION = 1.0;
				PRODUCT_BUNDLE_IDENTIFIER = Sam.VRailsTestTests;
				PRODUCT_NAME = "$(TARGET_NAME)";
				SWIFT_EMIT_LOC_STRINGS = NO;
				SWIFT_VERSION = 5.0;
				TARGETED_DEVICE_FAMILY = "1,2";
				TEST_HOST = "$(BUILT_PRODUCTS_DIR)/VRailsTest.app/$(BUNDLE_EXECUTABLE_FOLDER_PATH)/VRailsTest";
			};
			name = Release;
		};
		FE348E9C29EC8DB5006DE0F7 /* Debug */ = {
			isa = XCBuildConfiguration;
			buildSettings = {
				ALWAYS_EMBED_SWIFT_STANDARD_LIBRARIES = YES;
				CODE_SIGN_STYLE = Automatic;
				CURRENT_PROJECT_VERSION = 1;
				DEVELOPMENT_TEAM = 4LBT7283WA;
				GENERATE_INFOPLIST_FILE = YES;
				MARKETING_VERSION = 1.0;
				PRODUCT_BUNDLE_IDENTIFIER = Sam.VRailsTestUITests;
				PRODUCT_NAME = "$(TARGET_NAME)";
				SWIFT_EMIT_LOC_STRINGS = NO;
				SWIFT_VERSION = 5.0;
				TARGETED_DEVICE_FAMILY = "1,2";
				TEST_TARGET_NAME = VRailsTest;
			};
			name = Debug;
		};
		FE348E9D29EC8DB5006DE0F7 /* Release */ = {
			isa = XCBuildConfiguration;
			buildSettings = {
				ALWAYS_EMBED_SWIFT_STANDARD_LIBRARIES = YES;
				CODE_SIGN_STYLE = Automatic;
				CURRENT_PROJECT_VERSION = 1;
				DEVELOPMENT_TEAM = 4LBT7283WA;
				GENERATE_INFOPLIST_FILE = YES;
				MARKETING_VERSION = 1.0;
				PRODUCT_BUNDLE_IDENTIFIER = Sam.VRailsTestUITests;
				PRODUCT_NAME = "$(TARGET_NAME)";
				SWIFT_EMIT_LOC_STRINGS = NO;
				SWIFT_VERSION = 5.0;
				TARGETED_DEVICE_FAMILY = "1,2";
				TEST_TARGET_NAME = VRailsTest;
			};
			name = Release;
		};
/* End XCBuildConfiguration section */

/* Begin XCConfigurationList section */
		FE348E6C29EC8DB4006DE0F7 /* Build configuration list for PBXProject "VRailsTest" */ = {
			isa = XCConfigurationList;
			buildConfigurations = (
				FE348E9329EC8DB5006DE0F7 /* Debug */,
				FE348E9429EC8DB5006DE0F7 /* Release */,
			);
			defaultConfigurationIsVisible = 0;
			defaultConfigurationName = Release;
		};
		FE348E9529EC8DB5006DE0F7 /* Build configuration list for PBXNativeTarget "VRailsTest" */ = {
			isa = XCConfigurationList;
			buildConfigurations = (
				FE348E9629EC8DB5006DE0F7 /* Debug */,
				FE348E9729EC8DB5006DE0F7 /* Release */,
			);
			defaultConfigurationIsVisible = 0;
			defaultConfigurationName = Release;
		};
		FE348E9829EC8DB5006DE0F7 /* Build configuration list for PBXNativeTarget "VRailsTestTests" */ = {
			isa = XCConfigurationList;
			buildConfigurations = (
				FE348E9929EC8DB5006DE0F7 /* Debug */,
				FE348E9A29EC8DB5006DE0F7 /* Release */,
			);
			defaultConfigurationIsVisible = 0;
			defaultConfigurationName = Release;
		};
		FE348E9B29EC8DB5006DE0F7 /* Build configuration list for PBXNativeTarget "VRailsTestUITests" */ = {
			isa = XCConfigurationList;
			buildConfigurations = (
				FE348E9C29EC8DB5006DE0F7 /* Debug */,
				FE348E9D29EC8DB5006DE0F7 /* Release */,
			);
			defaultConfigurationIsVisible = 0;
			defaultConfigurationName = Release;
		};
/* End XCConfigurationList section */
	};
	rootObject = FE348E6929EC8DB4006DE0F7 /* Project object */;
}
